// !$*UTF8*$!
{
	archiveVersion = 1;
	classes = {
	};
	objectVersion = 50;
	objects = {

/* Begin PBXBuildFile section */
		C0B54ED721815F9800ECDBCC /* AppDelegate.swift in Sources */ = {isa = PBXBuildFile; fileRef = C0B54ED621815F9800ECDBCC /* AppDelegate.swift */; };
		C0B54ED921815F9800ECDBCC /* ViewController.swift in Sources */ = {isa = PBXBuildFile; fileRef = C0B54ED821815F9800ECDBCC /* ViewController.swift */; };
		C0B54EDC21815F9800ECDBCC /* Main.storyboard in Resources */ = {isa = PBXBuildFile; fileRef = C0B54EDA21815F9800ECDBCC /* Main.storyboard */; };
		C0B54EDE21815F9900ECDBCC /* Assets.xcassets in Resources */ = {isa = PBXBuildFile; fileRef = C0B54EDD21815F9900ECDBCC /* Assets.xcassets */; };
		C0B54EE121815F9900ECDBCC /* LaunchScreen.storyboard in Resources */ = {isa = PBXBuildFile; fileRef = C0B54EDF21815F9900ECDBCC /* LaunchScreen.storyboard */; };
		C0B54EE921815FA400ECDBCC /* LinkedList.swift in Sources */ = {isa = PBXBuildFile; fileRef = C0B54EE821815FA400ECDBCC /* LinkedList.swift */; };
		C0B54EEB21815FB900ECDBCC /* Node.swift in Sources */ = {isa = PBXBuildFile; fileRef = C0B54EEA21815FB900ECDBCC /* Node.swift */; };
/* End PBXBuildFile section */

/* Begin PBXFileReference section */
		C0B54ED321815F9800ECDBCC /* LinkedList.app */ = {isa = PBXFileReference; explicitFileType = wrapper.application; includeInIndex = 0; path = LinkedList.app; sourceTree = BUILT_PRODUCTS_DIR; };
		C0B54ED621815F9800ECDBCC /* AppDelegate.swift */ = {isa = PBXFileReference; lastKnownFileType = sourcecode.swift; path = AppDelegate.swift; sourceTree = "<group>"; };
		C0B54ED821815F9800ECDBCC /* ViewController.swift */ = {isa = PBXFileReference; lastKnownFileType = sourcecode.swift; path = ViewController.swift; sourceTree = "<group>"; };
		C0B54EDB21815F9800ECDBCC /* Base */ = {isa = PBXFileReference; lastKnownFileType = file.storyboard; name = Base; path = Base.lproj/Main.storyboard; sourceTree = "<group>"; };
		C0B54EDD21815F9900ECDBCC /* Assets.xcassets */ = {isa = PBXFileReference; lastKnownFileType = folder.assetcatalog; path = Assets.xcassets; sourceTree = "<group>"; };
		C0B54EE021815F9900ECDBCC /* Base */ = {isa = PBXFileReference; lastKnownFileType = file.storyboard; name = Base; path = Base.lproj/LaunchScreen.storyboard; sourceTree = "<group>"; };
		C0B54EE221815F9900ECDBCC /* Info.plist */ = {isa = PBXFileReference; lastKnownFileType = text.plist.xml; path = Info.plist; sourceTree = "<group>"; };
		C0B54EE821815FA400ECDBCC /* LinkedList.swift */ = {isa = PBXFileReference; lastKnownFileType = sourcecode.swift; path = LinkedList.swift; sourceTree = "<group>"; };
		C0B54EEA21815FB900ECDBCC /* Node.swift */ = {isa = PBXFileReference; lastKnownFileType = sourcecode.swift; path = Node.swift; sourceTree = "<group>"; };
/* End PBXFileReference section */

/* Begin PBXFrameworksBuildPhase section */
		C0B54ED021815F9800ECDBCC /* Frameworks */ = {
			isa = PBXFrameworksBuildPhase;
			buildActionMask = 2147483647;
			files = (
			);
			runOnlyForDeploymentPostprocessing = 0;
		};
/* End PBXFrameworksBuildPhase section */

/* Begin PBXGroup section */
		C0B54ECA21815F9800ECDBCC = {
			isa = PBXGroup;
			children = (
				C0B54ED521815F9800ECDBCC /* LinkedList */,
				C0B54ED421815F9800ECDBCC /* Products */,
			);
			sourceTree = "<group>";
		};
		C0B54ED421815F9800ECDBCC /* Products */ = {
			isa = PBXGroup;
			children = (
				C0B54ED321815F9800ECDBCC /* LinkedList.app */,
			);
			name = Products;
			sourceTree = "<group>";
		};
		C0B54ED521815F9800ECDBCC /* LinkedList */ = {
			isa = PBXGroup;
			children = (
				C0B54ED621815F9800ECDBCC /* AppDelegate.swift */,
				C0B54ED821815F9800ECDBCC /* ViewController.swift */,
				C0B54EEA21815FB900ECDBCC /* Node.swift */,
				C0B54EE821815FA400ECDBCC /* LinkedList.swift */,
				C0B54EDA21815F9800ECDBCC /* Main.storyboard */,
				C0B54EDD21815F9900ECDBCC /* Assets.xcassets */,
				C0B54EDF21815F9900ECDBCC /* LaunchScreen.storyboard */,
				C0B54EE221815F9900ECDBCC /* Info.plist */,
			);
			path = LinkedList;
			sourceTree = "<group>";
		};
/* End PBXGroup section */

/* Begin PBXNativeTarget section */
		C0B54ED221815F9800ECDBCC /* LinkedList */ = {
			isa = PBXNativeTarget;
			buildConfigurationList = C0B54EE521815F9900ECDBCC /* Build configuration list for PBXNativeTarget "LinkedList" */;
			buildPhases = (
				C0B54ECF21815F9800ECDBCC /* Sources */,
				C0B54ED021815F9800ECDBCC /* Frameworks */,
				C0B54ED121815F9800ECDBCC /* Resources */,
			);
			buildRules = (
			);
			dependencies = (
			);
			name = LinkedList;
			productName = LinkedList;
			productReference = C0B54ED321815F9800ECDBCC /* LinkedList.app */;
			productType = "com.apple.product-type.application";
		};
/* End PBXNativeTarget section */

/* Begin PBXProject section */
		C0B54ECB21815F9800ECDBCC /* Project object */ = {
			isa = PBXProject;
			attributes = {
				LastSwiftUpdateCheck = 1010;
				LastUpgradeCheck = 1010;
				ORGANIZATIONNAME = "辛忠翰";
				TargetAttributes = {
					C0B54ED221815F9800ECDBCC = {
						CreatedOnToolsVersion = 10.1;
					};
				};
			};
			buildConfigurationList = C0B54ECE21815F9800ECDBCC /* Build configuration list for PBXProject "LinkedList" */;
			compatibilityVersion = "Xcode 9.3";
			developmentRegion = en;
			hasScannedForEncodings = 0;
			knownRegions = (
				en,
				Base,
			);
			mainGroup = C0B54ECA21815F9800ECDBCC;
			productRefGroup = C0B54ED421815F9800ECDBCC /* Products */;
			projectDirPath = "";
			projectRoot = "";
			targets = (
				C0B54ED221815F9800ECDBCC /* LinkedList */,
			);
		};
/* End PBXProject section */

/* Begin PBXResourcesBuildPhase section */
		C0B54ED121815F9800ECDBCC /* Resources */ = {
			isa = PBXResourcesBuildPhase;
			buildActionMask = 2147483647;
			files = (
				C0B54EE121815F9900ECDBCC /* LaunchScreen.storyboard in Resources */,
				C0B54EDE21815F9900ECDBCC /* Assets.xcassets in Resources */,
				C0B54EDC21815F9800ECDBCC /* Main.storyboard in Resources */,
			);
			runOnlyForDeploymentPostprocessing = 0;
		};
/* End PBXResourcesBuildPhase section */

/* Begin PBXSourcesBuildPhase section */
		C0B54ECF21815F9800ECDBCC /* Sources */ = {
			isa = PBXSourcesBuildPhase;
			buildActionMask = 2147483647;
			files = (
				C0B54EE921815FA400ECDBCC /* LinkedList.swift in Sources */,
				C0B54ED921815F9800ECDBCC /* ViewController.swift in Sources */,
				C0B54ED721815F9800ECDBCC /* AppDelegate.swift in Sources */,
				C0B54EEB21815FB900ECDBCC /* Node.swift in Sources */,
			);
			runOnlyForDeploymentPostprocessing = 0;
		};
/* End PBXSourcesBuildPhase section */

/* Begin PBXVariantGroup section */
		C0B54EDA21815F9800ECDBCC /* Main.storyboard */ = {
			isa = PBXVariantGroup;
			children = (
				C0B54EDB21815F9800ECDBCC /* Base */,
			);
			name = Main.storyboard;
			sourceTree = "<group>";
		};
		C0B54EDF21815F9900ECDBCC /* LaunchScreen.storyboard */ = {
			isa = PBXVariantGroup;
			children = (
				C0B54EE021815F9900ECDBCC /* Base */,
			);
			name = LaunchScreen.storyboard;
			sourceTree = "<group>";
		};
/* End PBXVariantGroup section */

/* Begin XCBuildConfiguration section */
		C0B54EE321815F9900ECDBCC /* Debug */ = {
			isa = XCBuildConfiguration;
			buildSettings = {
				ALWAYS_SEARCH_USER_PATHS = NO;
				CLANG_ANALYZER_NONNULL = YES;
				CLANG_ANALYZER_NUMBER_OBJECT_CONVERSION = YES_AGGRESSIVE;
				CLANG_CXX_LANGUAGE_STANDARD = "gnu++14";
				CLANG_CXX_LIBRARY = "libc++";
				CLANG_ENABLE_MODULES = YES;
				CLANG_ENABLE_OBJC_ARC = YES;
				CLANG_ENABLE_OBJC_WEAK = YES;
				CLANG_WARN_BLOCK_CAPTURE_AUTORELEASING = YES;
				CLANG_WARN_BOOL_CONVERSION = YES;
				CLANG_WARN_COMMA = YES;
				CLANG_WARN_CONSTANT_CONVERSION = YES;
				CLANG_WARN_DEPRECATED_OBJC_IMPLEMENTATIONS = YES;
				CLANG_WARN_DIRECT_OBJC_ISA_USAGE = YES_ERROR;
				CLANG_WARN_DOCUMENTATION_COMMENTS = YES;
				CLANG_WARN_EMPTY_BODY = YES;
				CLANG_WARN_ENUM_CONVERSION = YES;
				CLANG_WARN_INFINITE_RECURSION = YES;
				CLANG_WARN_INT_CONVERSION = YES;
				CLANG_WARN_NON_LITERAL_NULL_CONVERSION = YES;
				CLANG_WARN_OBJC_IMPLICIT_RETAIN_SELF = YES;
				CLANG_WARN_OBJC_LITERAL_CONVERSION = YES;
				CLANG_WARN_OBJC_ROOT_CLASS = YES_ERROR;
				CLANG_WARN_RANGE_LOOP_ANALYSIS = YES;
				CLANG_WARN_STRICT_PROTOTYPES = YES;
				CLANG_WARN_SUSPICIOUS_MOVE = YES;
				CLANG_WARN_UNGUARDED_AVAILABILITY = YES_AGGRESSIVE;
				CLANG_WARN_UNREACHABLE_CODE = YES;
				CLANG_WARN__DUPLICATE_METHOD_MATCH = YES;
				CODE_SIGN_IDENTITY = "iPhone Developer";
				COPY_PHASE_STRIP = NO;
				DEBUG_INFORMATION_FORMAT = dwarf;
				ENABLE_STRICT_OBJC_MSGSEND = YES;
				ENABLE_TESTABILITY = YES;
				GCC_C_LANGUAGE_STANDARD = gnu11;
				GCC_DYNAMIC_NO_PIC = NO;
				GCC_NO_COMMON_BLOCKS = YES;
				GCC_OPTIMIZATION_LEVEL = 0;
				GCC_PREPROCESSOR_DEFINITIONS = (
					"DEBUG=1",
					"$(inherited)",
				);
				GCC_WARN_64_TO_32_BIT_CONVERSION = YES;
				GCC_WARN_ABOUT_RETURN_TYPE = YES_ERROR;
				GCC_WARN_UNDECLARED_SELECTOR = YES;
				GCC_WARN_UNINITIALIZED_AUTOS = YES_AGGRESSIVE;
				GCC_WARN_UNUSED_FUNCTION = YES;
				GCC_WARN_UNUSED_VARIABLE = YES;
				IPHONEOS_DEPLOYMENT_TARGET = 12.1;
				MTL_ENABLE_DEBUG_INFO = INCLUDE_SOURCE;
				MTL_FAST_MATH = YES;
				ONLY_ACTIVE_ARCH = YES;
				SDKROOT = iphoneos;
				SWIFT_ACTIVE_COMPILATION_CONDITIONS = DEBUG;
				SWIFT_OPTIMIZATION_LEVEL = "-Onone";
			};
			name = Debug;
		};
		C0B54EE421815F9900ECDBCC /* Release */ = {
			isa = XCBuildConfiguration;
			buildSettings = {
				ALWAYS_SEARCH_USER_PATHS = NO;
				CLANG_ANALYZER_NONNULL = YES;
				CLANG_ANALYZER_NUMBER_OBJECT_CONVERSION = YES_AGGRESSIVE;
				CLANG_CXX_LANGUAGE_STANDARD = "gnu++14";
				CLANG_CXX_LIBRARY = "libc++";
				CLANG_ENABLE_MODULES = YES;
				CLANG_ENABLE_OBJC_ARC = YES;
				CLANG_ENABLE_OBJC_WEAK = YES;
				CLANG_WARN_BLOCK_CAPTURE_AUTORELEASING = YES;
				CLANG_WARN_BOOL_CONVERSION = YES;
				CLANG_WARN_COMMA = YES;
				CLANG_WARN_CONSTANT_CONVERSION = YES;
				CLANG_WARN_DEPRECATED_OBJC_IMPLEMENTATIONS = YES;
				CLANG_WARN_DIRECT_OBJC_ISA_USAGE = YES_ERROR;
				CLANG_WARN_DOCUMENTATION_COMMENTS = YES;
				CLANG_WARN_EMPTY_BODY = YES;
				CLANG_WARN_ENUM_CONVERSION = YES;
				CLANG_WARN_INFINITE_RECURSION = YES;
				CLANG_WARN_INT_CONVERSION = YES;
				CLANG_WARN_NON_LITERAL_NULL_CONVERSION = YES;
				CLANG_WARN_OBJC_IMPLICIT_RETAIN_SELF = YES;
				CLANG_WARN_OBJC_LITERAL_CONVERSION = YES;
				CLANG_WARN_OBJC_ROOT_CLASS = YES_ERROR;
				CLANG_WARN_RANGE_LOOP_ANALYSIS = YES;
				CLANG_WARN_STRICT_PROTOTYPES = YES;
				CLANG_WARN_SUSPICIOUS_MOVE = YES;
				CLANG_WARN_UNGUARDED_AVAILABILITY = YES_AGGRESSIVE;
				CLANG_WARN_UNREACHABLE_CODE = YES;
				CLANG_WARN__DUPLICATE_METHOD_MATCH = YES;
				CODE_SIGN_IDENTITY = "iPhone Developer";
				COPY_PHASE_STRIP = NO;
				DEBUG_INFORMATION_FORMAT = "dwarf-with-dsym";
				ENABLE_NS_ASSERTIONS = NO;
				ENABLE_STRICT_OBJC_MSGSEND = YES;
				GCC_C_LANGUAGE_STANDARD = gnu11;
				GCC_NO_COMMON_BLOCKS = YES;
				GCC_WARN_64_TO_32_BIT_CONVERSION = YES;
				GCC_WARN_ABOUT_RETURN_TYPE = YES_ERROR;
				GCC_WARN_UNDECLARED_SELECTOR = YES;
				GCC_WARN_UNINITIALIZED_AUTOS = YES_AGGRESSIVE;
				GCC_WARN_UNUSED_FUNCTION = YES;
				GCC_WARN_UNUSED_VARIABLE = YES;
				IPHONEOS_DEPLOYMENT_TARGET = 12.1;
				MTL_ENABLE_DEBUG_INFO = NO;
				MTL_FAST_MATH = YES;
				SDKROOT = iphoneos;
				SWIFT_COMPILATION_MODE = wholemodule;
				SWIFT_OPTIMIZATION_LEVEL = "-O";
				VALIDATE_PRODUCT = YES;
			};
			name = Release;
		};
		C0B54EE621815F9900ECDBCC /* Debug */ = {
			isa = XCBuildConfiguration;
			buildSettings = {
				ASSETCATALOG_COMPILER_APPICON_NAME = AppIcon;
				CODE_SIGN_STYLE = Automatic;
				DEVELOPMENT_TEAM = WAGW44Z6JC;
				INFOPLIST_FILE = LinkedList/Info.plist;
				LD_RUNPATH_SEARCH_PATHS = (
					"$(inherited)",
					"@executable_path/Frameworks",
				);
				PRODUCT_BUNDLE_IDENTIFIER = coolApp.com.LinkedList;
				PRODUCT_NAME = "$(TARGET_NAME)";
				SWIFT_VERSION = 4.2;
				TARGETED_DEVICE_FAMILY = "1,2";
			};
			name = Debug;
		};
		C0B54EE721815F9900ECDBCC /* Release */ = {
			isa = XCBuildConfiguration;
			buildSettings = {
				ASSETCATALOG_COMPILER_APPICON_NAME = AppIcon;
				CODE_SIGN_STYLE = Automatic;
				DEVELOPMENT_TEAM = WAGW44Z6JC;
				INFOPLIST_FILE = LinkedList/Info.plist;
				LD_RUNPATH_SEARCH_PATHS = (
					"$(inherited)",
					"@executable_path/Frameworks",
				);
				PRODUCT_BUNDLE_IDENTIFIER = coolApp.com.LinkedList;
				PRODUCT_NAME = "$(TARGET_NAME)";
				SWIFT_VERSION = 4.2;
				TARGETED_DEVICE_FAMILY = "1,2";
			};
			name = Release;
		};
/* End XCBuildConfiguration section */

/* Begin XCConfigurationList section */
		C0B54ECE21815F9800ECDBCC /* Build configuration list for PBXProject "LinkedList" */ = {
			isa = XCConfigurationList;
			buildConfigurations = (
				C0B54EE321815F9900ECDBCC /* Debug */,
				C0B54EE421815F9900ECDBCC /* Release */,
			);
			defaultConfigurationIsVisible = 0;
			defaultConfigurationName = Release;
		};
		C0B54EE521815F9900ECDBCC /* Build configuration list for PBXNativeTarget "LinkedList" */ = {
			isa = XCConfigurationList;
			buildConfigurations = (
				C0B54EE621815F9900ECDBCC /* Debug */,
				C0B54EE721815F9900ECDBCC /* Release */,
			);
			defaultConfigurationIsVisible = 0;
			defaultConfigurationName = Release;
		};
/* End XCConfigurationList section */
	};
	rootObject = C0B54ECB21815F9800ECDBCC /* Project object */;
}
